
Microsoft Visual Studio Solution File, Format Version 12.00
# Visual Studio Version 17
VisualStudioVersion = 17.7.34221.43
MinimumVisualStudioVersion = 10.0.40219.1
Project("{FAE04EC0-301F-11D3-BF4B-00C04F79EFBC}") = "TestingCodeSQL", "TestingCodeSQL.csproj", "{A07B3909-89F3-4E82-B537-6AF878AD2A93}"
EndProject
Global
	GlobalSection(SolutionConfigurationPlatforms) = preSolution
		Debug|Any CPU = Debug|Any CPU
		Release|Any CPU = Release|Any CPU
	EndGlobalSection
	GlobalSection(ProjectConfigurationPlatforms) = postSolution
		{A07B3909-89F3-4E82-B537-6AF878AD2A93}.Debug|Any CPU.ActiveCfg = Debug|Any CPU
		{A07B3909-89F3-4E82-B537-6AF878AD2A93}.Debug|Any CPU.Build.0 = Debug|Any CPU
		{A07B3909-89F3-4E82-B537-6AF878AD2A93}.Release|Any CPU.ActiveCfg = Release|Any CPU
		{A07B3909-89F3-4E82-B537-6AF878AD2A93}.Release|Any CPU.Build.0 = Release|Any CPU
	EndGlobalSection
	GlobalSection(SolutionProperties) = preSolution
		HideSolutionNode = FALSE
	EndGlobalSection
	GlobalSection(ExtensibilityGlobals) = postSolution
		SolutionGuid = {2DFFC72C-1AF1-409E-B878-9E98F4458235}
	EndGlobalSection
EndGlobal
